
Microsoft Visual Studio Solution File, Format Version 12.00
# Visual Studio Version 16
VisualStudioVersion = 16.0.31410.357
MinimumVisualStudioVersion = 10.0.40219.1
Project("{FAE04EC0-301F-11D3-BF4B-00C04F79EFBC}") = "SocialBrothers", "SocialBrothers.csproj", "{2A059432-95FB-4434-B304-229D97F1A47F}"
EndProject
Global
	GlobalSection(SolutionConfigurationPlatforms) = preSolution
		Debug|Any CPU = Debug|Any CPU
		Release|Any CPU = Release|Any CPU
	EndGlobalSection
	GlobalSection(ProjectConfigurationPlatforms) = postSolution
		{2A059432-95FB-4434-B304-229D97F1A47F}.Debug|Any CPU.ActiveCfg = Debug|Any CPU
		{2A059432-95FB-4434-B304-229D97F1A47F}.Debug|Any CPU.Build.0 = Debug|Any CPU
		{2A059432-95FB-4434-B304-229D97F1A47F}.Release|Any CPU.ActiveCfg = Release|Any CPU
		{2A059432-95FB-4434-B304-229D97F1A47F}.Release|Any CPU.Build.0 = Release|Any CPU
	EndGlobalSection
	GlobalSection(SolutionProperties) = preSolution
		HideSolutionNode = FALSE
	EndGlobalSection
	GlobalSection(ExtensibilityGlobals) = postSolution
		SolutionGuid = {B8142E5C-FFE2-4154-9119-2F7B6241CE07}
	EndGlobalSection
EndGlobal
